{
	"name": "php-wasm-compiler",
	"lockfileVersion": 3,
	"requires": true,
	"packages": {
		"": {
			"name": "php-wasm-compiler",
			"workspaces": [
				"packages/*"
			],
			"devDependencies": {
				"ws": "^8.21.3"
			}
		},
		"node_modules/@kirigami/phpext-dba": {
			"resolved": "packages/phpext-dba",
			"link": true
		},
		"node_modules/@kirigami/phpext-enchant": {
			"resolved": "packages/phpext-enchant",
			"link": true
		},
		"node_modules/@kirigami/phpext-ffi": {
			"resolved": "packages/phpext-ffi",
			"link": true
		},
		"node_modules/@kirigami/phpext-fileinfo": {
			"resolved": "packages/phpext-fileinfo",
			"link": true
		},
		"node_modules/@kirigami/phpext-ftp": {
			"resolved": "packages/phpext-ftp",
			"link": true
		},
		"node_modules/@kirigami/phpext-gettext": {
			"resolved": "packages/phpext-gettext",
			"link": true
		},
		"node_modules/@kirigami/phpext-gmp": {
			"resolved": "packages/phpext-gmp",
			"link": true
		},
		"node_modules/@kirigami/phpext-intl": {
			"resolved": "packages/phpext-intl",
			"link": true
		},
		"node_modules/@kirigami/phpext-ldap": {
			"resolved": "packages/phpext-ldap",
			"link": true
		},
		"node_modules/@kirigami/phpext-mysqli": {
			"resolved": "packages/phpext-mysqli",
			"link": true
		},
		"node_modules/@kirigami/phpext-odbc": {
			"resolved": "packages/phpext-odbc",
			"link": true
		},
		"node_modules/@kirigami/phpext-pdo_dblib": {
			"resolved": "packages/phpext-pdo_dblib",
			"link": true
		},
		"node_modules/@kirigami/phpext-pdo_firebird": {
			"resolved": "packages/phpext-pdo_firebird",
			"link": true
		},
		"node_modules/@kirigami/phpext-pdo_mysql": {
			"resolved": "packages/phpext-pdo_mysql",
			"link": true
		},
		"node_modules/@kirigami/phpext-pdo_odbc": {
			"resolved": "packages/phpext-pdo_odbc",
			"link": true
		},
		"node_modules/@kirigami/phpext-pdo_pgsql": {
			"resolved": "packages/phpext-pdo_pgsql",
			"link": true
		},
		"node_modules/@kirigami/phpext-pgsql": {
			"resolved": "packages/phpext-pgsql",
			"link": true
		},
		"node_modules/@kirigami/phpext-posix": {
			"resolved": "packages/phpext-posix",
			"link": true
		},
		"node_modules/@kirigami/phpext-rar": {
			"resolved": "packages/phpext-rar",
			"link": true
		},
		"node_modules/@kirigami/phpext-scanmeqr": {
			"resolved": "packages/phpext-scanmeqr",
			"link": true
		},
		"node_modules/@kirigami/phpext-snmp": {
			"resolved": "packages/phpext-snmp",
			"link": true
		},
		"node_modules/@kirigami/phpext-soap": {
			"resolved": "packages/phpext-soap",
			"link": true
		},
		"node_modules/@kirigami/phpext-sodium": {
			"resolved": "packages/phpext-sodium",
			"link": true
		},
		"node_modules/@kirigami/phpext-tidy": {
			"resolved": "packages/phpext-tidy",
			"link": true
		},
		"node_modules/@kirigami/phpext-xsl": {
			"resolved": "packages/phpext-xsl",
			"link": true
		},
		"node_modules/ws": {
			"version": "8.21.3",
			"resolved": "https://registry.npmjs.org/ws/-/ws-8.21.3.tgz",
			"integrity": "sha512-201TZ/kPWxoPr/OKWjquZR1SWKXcvxdH+e1xrx89b3YbmzLMFCLfnaG1HFIgWzJOEWZ7MvpK++odZufgYR50Rw==",
			"dev": true,
			"license": "MIT",
			"engines": {
				"node": ">=10.0.0"
			},
			"peerDependencies": {
				"bufferutil": "^4.0.1",
				"utf-8-validate": ">=5.0.2"
			},
			"peerDependenciesMeta": {
				"bufferutil": {
					"optional": true
				},
				"utf-8-validate": {
					"optional": true
				}
			}
		},
		"packages/phpext-dba": {
			"name": "@kirigami/phpext-dba",
			"version": "0.1.1",
			"license": "GPL-2.0-or-later"
		},
		"packages/phpext-enchant": {
			"name": "@kirigami/phpext-enchant",
			"version": "0.1.2",
			"license": "GPL-2.0-or-later"
		},
		"packages/phpext-ffi": {
			"name": "@kirigami/phpext-ffi",
			"version": "0.1.0",
			"license": "GPL-2.0-or-later"
		},
		"packages/phpext-fileinfo": {
			"name": "@kirigami/phpext-fileinfo",
			"version": "0.1.0",
			"license": "GPL-2.0-or-later"
		},
		"packages/phpext-ftp": {
			"name": "@kirigami/phpext-ftp",
			"version": "0.1.1",
			"license": "GPL-2.0-or-later"
		},
		"packages/phpext-gettext": {
			"name": "@kirigami/phpext-gettext",
			"version": "0.1.1",
			"license": "GPL-2.0-or-later"
		},
		"packages/phpext-gmp": {
			"name": "@kirigami/phpext-gmp",
			"version": "0.1.1",
			"license": "GPL-2.0-or-later"
		},
		"packages/phpext-intl": {
			"name": "@kirigami/phpext-intl",
			"version": "0.1.0",
			"license": "GPL-2.0-or-later"
		},
		"packages/phpext-ldap": {
			"name": "@kirigami/phpext-ldap",
			"version": "0.1.1",
			"license": "GPL-2.0-or-later"
		},
		"packages/phpext-mysqli": {
			"name": "@kirigami/phpext-mysqli",
			"version": "0.1.3",
			"license": "GPL-2.0-or-later"
		},
		"packages/phpext-odbc": {
			"name": "@kirigami/phpext-odbc",
			"version": "0.1.0",
			"license": "GPL-2.0-or-later"
		},
		"packages/phpext-pdo_dblib": {
			"name": "@kirigami/phpext-pdo_dblib",
			"version": "0.1.0",
			"license": "GPL-2.0-or-later"
		},
		"packages/phpext-pdo_firebird": {
			"name": "@kirigami/phpext-pdo_firebird",
			"version": "0.1.1",
			"license": "GPL-2.0-or-later"
		},
		"packages/phpext-pdo_mysql": {
			"name": "@kirigami/phpext-pdo_mysql",
			"version": "0.1.2",
			"license": "GPL-2.0-or-later"
		},
		"packages/phpext-pdo_odbc": {
			"name": "@kirigami/phpext-pdo_odbc",
			"version": "0.1.0",
			"license": "GPL-2.0-or-later"
		},
		"packages/phpext-pdo_pgsql": {
			"name": "@kirigami/phpext-pdo_pgsql",
			"version": "0.1.2",
			"license": "GPL-2.0-or-later"
		},
		"packages/phpext-pgsql": {
			"name": "@kirigami/phpext-pgsql",
			"version": "0.1.2",
			"license": "GPL-2.0-or-later"
		},
		"packages/phpext-posix": {
			"name": "@kirigami/phpext-posix",
			"version": "0.1.1",
			"license": "GPL-2.0-or-later"
		},
		"packages/phpext-rar": {
			"name": "@kirigami/phpext-rar",
			"version": "0.1.0",
			"license": "PHP-3.01 AND LicenseRef-UnRAR"
		},
		"packages/phpext-scanmeqr": {
			"name": "@kirigami/phpext-scanmeqr",
			"version": "0.1.0",
			"license": "MIT"
		},
		"packages/phpext-snmp": {
			"name": "@kirigami/phpext-snmp",
			"version": "0.1.0",
			"license": "GPL-2.0-or-later"
		},
		"packages/phpext-soap": {
			"name": "@kirigami/phpext-soap",
			"version": "0.1.1",
			"license": "GPL-2.0-or-later"
		},
		"packages/phpext-sodium": {
			"name": "@kirigami/phpext-sodium",
			"version": "0.1.1",
			"license": "GPL-2.0-or-later"
		},
		"packages/phpext-tidy": {
			"name": "@kirigami/phpext-tidy",
			"version": "0.1.1",
			"license": "GPL-2.0-or-later"
		},
		"packages/phpext-xsl": {
			"name": "@kirigami/phpext-xsl",
			"version": "0.1.0",
			"license": "GPL-2.0-or-later"
		}
	}
}
