{
	"name": "php-wasm-compiler",
	"lockfileVersion": 3,
	"requires": true,
	"packages": {
		"": {
			"name": "php-wasm-compiler",
			"workspaces": [
				"packages/*"
			]
		},
		"node_modules/@kirigami/phpext-ftp": {
			"resolved": "packages/phpext-ftp",
			"link": true
		},
		"node_modules/@kirigami/phpext-mysqli": {
			"resolved": "packages/phpext-mysqli",
			"link": true
		},
		"node_modules/@kirigami/phpext-sodium": {
			"resolved": "packages/phpext-sodium",
			"link": true
		},
		"packages/phpext-ftp": {
			"name": "@kirigami/phpext-ftp",
			"version": "0.1.0",
			"license": "GPL-2.0-or-later"
		},
		"packages/phpext-mysqli": {
			"name": "@kirigami/phpext-mysqli",
			"version": "0.1.1",
			"license": "GPL-2.0-or-later"
		},
		"packages/phpext-sodium": {
			"name": "@kirigami/phpext-sodium",
			"version": "0.1.0",
			"license": "GPL-2.0-or-later"
		}
	}
}
